// !$*UTF8*$!
{
	archiveVersion = 1;
	classes = {
	};
	objectVersion = 46;
	objects = {

/* Begin PBXBuildFile section */
		0A4D9E71F6B937DA9943FAEC /* Pods_iTunesSearchTests.framework in Frameworks */ = {isa = PBXBuildFile; fileRef = F83D4E24DDBCB77BAF21C0E6 /* Pods_iTunesSearchTests.framework */; };
		349FD349F269D17A848A2A05 /* Pods_iTunesSearchUITests.framework in Frameworks */ = {isa = PBXBuildFile; fileRef = 4C52976C0D7C64740CE74F70 /* Pods_iTunesSearchUITests.framework */; };
		AC08AF01C4F8F50760DE1313 /* Pods_iTunesSearch.framework in Frameworks */ = {isa = PBXBuildFile; fileRef = 4F80AEE0C7CEA35D27001419 /* Pods_iTunesSearch.framework */; };
		BE6E45B01F47AD1100E64E1B /* APIManager.swift in Sources */ = {isa = PBXBuildFile; fileRef = BE6E45AF1F47AD1100E64E1B /* APIManager.swift */; };
		BE6E45B21F47AEDA00E64E1B /* Constants.swift in Sources */ = {isa = PBXBuildFile; fileRef = BE6E45B11F47AEDA00E64E1B /* Constants.swift */; };
		BE6E45B41F47C13200E64E1B /* TrackTableViewCell.swift in Sources */ = {isa = PBXBuildFile; fileRef = BE6E45B31F47C13200E64E1B /* TrackTableViewCell.swift */; };
		BE6E45B61F47C91800E64E1B /* TrackDetailViewController.swift in Sources */ = {isa = PBXBuildFile; fileRef = BE6E45B51F47C91800E64E1B /* TrackDetailViewController.swift */; };
		BE6E45B81F47D50C00E64E1B /* EntityTableViewController.swift in Sources */ = {isa = PBXBuildFile; fileRef = BE6E45B71F47D50C00E64E1B /* EntityTableViewController.swift */; };
		BE82AAB01F4790190051D40E /* AppDelegate.swift in Sources */ = {isa = PBXBuildFile; fileRef = BE82AAAF1F4790190051D40E /* AppDelegate.swift */; };
		BE82AAB21F4790190051D40E /* SearchViewController.swift in Sources */ = {isa = PBXBuildFile; fileRef = BE82AAB11F4790190051D40E /* SearchViewController.swift */; };
		BE82AAB51F4790190051D40E /* Main.storyboard in Resources */ = {isa = PBXBuildFile; fileRef = BE82AAB31F4790190051D40E /* Main.storyboard */; };
		BE82AAB81F4790190051D40E /* iTunesSearch.xcdatamodeld in Sources */ = {isa = PBXBuildFile; fileRef = BE82AAB61F4790190051D40E /* iTunesSearch.xcdatamodeld */; };
		BE82AABA1F4790190051D40E /* Assets.xcassets in Resources */ = {isa = PBXBuildFile; fileRef = BE82AAB91F4790190051D40E /* Assets.xcassets */; };
		BE82AABD1F4790190051D40E /* LaunchScreen.storyboard in Resources */ = {isa = PBXBuildFile; fileRef = BE82AABB1F4790190051D40E /* LaunchScreen.storyboard */; };
		BE82AAC81F4790190051D40E /* iTunesSearchTests.swift in Sources */ = {isa = PBXBuildFile; fileRef = BE82AAC71F4790190051D40E /* iTunesSearchTests.swift */; };
		BE82AAD31F4790190051D40E /* iTunesSearchUITests.swift in Sources */ = {isa = PBXBuildFile; fileRef = BE82AAD21F4790190051D40E /* iTunesSearchUITests.swift */; };
/* End PBXBuildFile section */

/* Begin PBXContainerItemProxy section */
		BE82AAC41F4790190051D40E /* PBXContainerItemProxy */ = {
			isa = PBXContainerItemProxy;
			containerPortal = BE82AAA41F4790180051D40E /* Project object */;
			proxyType = 1;
			remoteGlobalIDString = BE82AAAB1F4790180051D40E;
			remoteInfo = iTunesSearch;
		};
		BE82AACF1F4790190051D40E /* PBXContainerItemProxy */ = {
			isa = PBXContainerItemProxy;
			containerPortal = BE82AAA41F4790180051D40E /* Project object */;
			proxyType = 1;
			remoteGlobalIDString = BE82AAAB1F4790180051D40E;
			remoteInfo = iTunesSearch;
		};
/* End PBXContainerItemProxy section */

/* Begin PBXFileReference section */
		481BF7003552364224613856 /* Pods-iTunesSearchTests.release.xcconfig */ = {isa = PBXFileReference; includeInIndex = 1; lastKnownFileType = text.xcconfig; name = "Pods-iTunesSearchTests.release.xcconfig"; path = "Pods/Target Support Files/Pods-iTunesSearchTests/Pods-iTunesSearchTests.release.xcconfig"; sourceTree = "<group>"; };
		4AB0918568A0174948F84C71 /* Pods-iTunesSearch.debug.xcconfig */ = {isa = PBXFileReference; includeInIndex = 1; lastKnownFileType = text.xcconfig; name = "Pods-iTunesSearch.debug.xcconfig"; path = "Pods/Target Support Files/Pods-iTunesSearch/Pods-iTunesSearch.debug.xcconfig"; sourceTree = "<group>"; };
		4C52976C0D7C64740CE74F70 /* Pods_iTunesSearchUITests.framework */ = {isa = PBXFileReference; explicitFileType = wrapper.framework; includeInIndex = 0; path = Pods_iTunesSearchUITests.framework; sourceTree = BUILT_PRODUCTS_DIR; };
		4F80AEE0C7CEA35D27001419 /* Pods_iTunesSearch.framework */ = {isa = PBXFileReference; explicitFileType = wrapper.framework; includeInIndex = 0; path = Pods_iTunesSearch.framework; sourceTree = BUILT_PRODUCTS_DIR; };
		6747B3F01F0770D54C84AD10 /* Pods-iTunesSearchUITests.release.xcconfig */ = {isa = PBXFileReference; includeInIndex = 1; lastKnownFileType = text.xcconfig; name = "Pods-iTunesSearchUITests.release.xcconfig"; path = "Pods/Target Support Files/Pods-iTunesSearchUITests/Pods-iTunesSearchUITests.release.xcconfig"; sourceTree = "<group>"; };
		BE6E45AF1F47AD1100E64E1B /* APIManager.swift */ = {isa = PBXFileReference; fileEncoding = 4; lastKnownFileType = sourcecode.swift; name = APIManager.swift; path = Utilities/APIManager.swift; sourceTree = "<group>"; };
		BE6E45B11F47AEDA00E64E1B /* Constants.swift */ = {isa = PBXFileReference; fileEncoding = 4; lastKnownFileType = sourcecode.swift; name = Constants.swift; path = Utilities/Constants.swift; sourceTree = "<group>"; };
		BE6E45B31F47C13200E64E1B /* TrackTableViewCell.swift */ = {isa = PBXFileReference; fileEncoding = 4; lastKnownFileType = sourcecode.swift; path = TrackTableViewCell.swift; sourceTree = "<group>"; };
		BE6E45B51F47C91800E64E1B /* TrackDetailViewController.swift */ = {isa = PBXFileReference; fileEncoding = 4; lastKnownFileType = sourcecode.swift; path = TrackDetailViewController.swift; sourceTree = "<group>"; };
		BE6E45B71F47D50C00E64E1B /* EntityTableViewController.swift */ = {isa = PBXFileReference; fileEncoding = 4; lastKnownFileType = sourcecode.swift; path = EntityTableViewController.swift; sourceTree = "<group>"; };
		BE82AAAC1F4790190051D40E /* iTunesSearch.app */ = {isa = PBXFileReference; explicitFileType = wrapper.application; includeInIndex = 0; path = iTunesSearch.app; sourceTree = BUILT_PRODUCTS_DIR; };
		BE82AAAF1F4790190051D40E /* AppDelegate.swift */ = {isa = PBXFileReference; lastKnownFileType = sourcecode.swift; path = AppDelegate.swift; sourceTree = "<group>"; };
		BE82AAB11F4790190051D40E /* SearchViewController.swift */ = {isa = PBXFileReference; lastKnownFileType = sourcecode.swift; path = SearchViewController.swift; sourceTree = "<group>"; };
		BE82AAB41F4790190051D40E /* Base */ = {isa = PBXFileReference; lastKnownFileType = file.storyboard; name = Base; path = Base.lproj/Main.storyboard; sourceTree = "<group>"; };
		BE82AAB71F4790190051D40E /* iTunesSearch.xcdatamodel */ = {isa = PBXFileReference; lastKnownFileType = wrapper.xcdatamodel; path = iTunesSearch.xcdatamodel; sourceTree = "<group>"; };
		BE82AAB91F4790190051D40E /* Assets.xcassets */ = {isa = PBXFileReference; lastKnownFileType = folder.assetcatalog; path = Assets.xcassets; sourceTree = "<group>"; };
		BE82AABC1F4790190051D40E /* Base */ = {isa = PBXFileReference; lastKnownFileType = file.storyboard; name = Base; path = Base.lproj/LaunchScreen.storyboard; sourceTree = "<group>"; };
		BE82AABE1F4790190051D40E /* Info.plist */ = {isa = PBXFileReference; lastKnownFileType = text.plist.xml; path = Info.plist; sourceTree = "<group>"; };
		BE82AAC31F4790190051D40E /* iTunesSearchTests.xctest */ = {isa = PBXFileReference; explicitFileType = wrapper.cfbundle; includeInIndex = 0; path = iTunesSearchTests.xctest; sourceTree = BUILT_PRODUCTS_DIR; };
		BE82AAC71F4790190051D40E /* iTunesSearchTests.swift */ = {isa = PBXFileReference; lastKnownFileType = sourcecode.swift; path = iTunesSearchTests.swift; sourceTree = "<group>"; };
		BE82AAC91F4790190051D40E /* Info.plist */ = {isa = PBXFileReference; lastKnownFileType = text.plist.xml; path = Info.plist; sourceTree = "<group>"; };
		BE82AACE1F4790190051D40E /* iTunesSearchUITests.xctest */ = {isa = PBXFileReference; explicitFileType = wrapper.cfbundle; includeInIndex = 0; path = iTunesSearchUITests.xctest; sourceTree = BUILT_PRODUCTS_DIR; };
		BE82AAD21F4790190051D40E /* iTunesSearchUITests.swift */ = {isa = PBXFileReference; lastKnownFileType = sourcecode.swift; path = iTunesSearchUITests.swift; sourceTree = "<group>"; };
		BE82AAD41F4790190051D40E /* Info.plist */ = {isa = PBXFileReference; lastKnownFileType = text.plist.xml; path = Info.plist; sourceTree = "<group>"; };
		E92E1FA501A84C6CD86DE6EC /* Pods-iTunesSearchUITests.debug.xcconfig */ = {isa = PBXFileReference; includeInIndex = 1; lastKnownFileType = text.xcconfig; name = "Pods-iTunesSearchUITests.debug.xcconfig"; path = "Pods/Target Support Files/Pods-iTunesSearchUITests/Pods-iTunesSearchUITests.debug.xcconfig"; sourceTree = "<group>"; };
		F59B48A6C96EB5DE9DAE1584 /* Pods-iTunesSearch.release.xcconfig */ = {isa = PBXFileReference; includeInIndex = 1; lastKnownFileType = text.xcconfig; name = "Pods-iTunesSearch.release.xcconfig"; path = "Pods/Target Support Files/Pods-iTunesSearch/Pods-iTunesSearch.release.xcconfig"; sourceTree = "<group>"; };
		F83D4E24DDBCB77BAF21C0E6 /* Pods_iTunesSearchTests.framework */ = {isa = PBXFileReference; explicitFileType = wrapper.framework; includeInIndex = 0; path = Pods_iTunesSearchTests.framework; sourceTree = BUILT_PRODUCTS_DIR; };
		FA2A47286E726B44627C6A7D /* Pods-iTunesSearchTests.debug.xcconfig */ = {isa = PBXFileReference; includeInIndex = 1; lastKnownFileType = text.xcconfig; name = "Pods-iTunesSearchTests.debug.xcconfig"; path = "Pods/Target Support Files/Pods-iTunesSearchTests/Pods-iTunesSearchTests.debug.xcconfig"; sourceTree = "<group>"; };
/* End PBXFileReference section */

/* Begin PBXFrameworksBuildPhase section */
		BE82AAA91F4790180051D40E /* Frameworks */ = {
			isa = PBXFrameworksBuildPhase;
			buildActionMask = 2147483647;
			files = (
				AC08AF01C4F8F50760DE1313 /* Pods_iTunesSearch.framework in Frameworks */,
			);
			runOnlyForDeploymentPostprocessing = 0;
		};
		BE82AAC01F4790190051D40E /* Frameworks */ = {
			isa = PBXFrameworksBuildPhase;
			buildActionMask = 2147483647;
			files = (
				0A4D9E71F6B937DA9943FAEC /* Pods_iTunesSearchTests.framework in Frameworks */,
			);
			runOnlyForDeploymentPostprocessing = 0;
		};
		BE82AACB1F4790190051D40E /* Frameworks */ = {
			isa = PBXFrameworksBuildPhase;
			buildActionMask = 2147483647;
			files = (
				349FD349F269D17A848A2A05 /* Pods_iTunesSearchUITests.framework in Frameworks */,
			);
			runOnlyForDeploymentPostprocessing = 0;
		};
/* End PBXFrameworksBuildPhase section */

/* Begin PBXGroup section */
		6DE48FA945D00F5AB0ED05FD /* Pods */ = {
			isa = PBXGroup;
			children = (
				4AB0918568A0174948F84C71 /* Pods-iTunesSearch.debug.xcconfig */,
				F59B48A6C96EB5DE9DAE1584 /* Pods-iTunesSearch.release.xcconfig */,
				FA2A47286E726B44627C6A7D /* Pods-iTunesSearchTests.debug.xcconfig */,
				481BF7003552364224613856 /* Pods-iTunesSearchTests.release.xcconfig */,
				E92E1FA501A84C6CD86DE6EC /* Pods-iTunesSearchUITests.debug.xcconfig */,
				6747B3F01F0770D54C84AD10 /* Pods-iTunesSearchUITests.release.xcconfig */,
			);
			name = Pods;
			sourceTree = "<group>";
		};
		77F256A524D62E83BD234995 /* Frameworks */ = {
			isa = PBXGroup;
			children = (
				4F80AEE0C7CEA35D27001419 /* Pods_iTunesSearch.framework */,
				F83D4E24DDBCB77BAF21C0E6 /* Pods_iTunesSearchTests.framework */,
				4C52976C0D7C64740CE74F70 /* Pods_iTunesSearchUITests.framework */,
			);
			name = Frameworks;
			sourceTree = "<group>";
		};
		BE6E45AE1F47ACD900E64E1B /* Utilities */ = {
			isa = PBXGroup;
			children = (
				BE6E45AF1F47AD1100E64E1B /* APIManager.swift */,
				BE6E45B11F47AEDA00E64E1B /* Constants.swift */,
			);
			name = Utilities;
			sourceTree = "<group>";
		};
		BE82AAA31F4790180051D40E = {
			isa = PBXGroup;
			children = (
				BE82AAAE1F4790190051D40E /* iTunesSearch */,
				BE82AAC61F4790190051D40E /* iTunesSearchTests */,
				BE82AAD11F4790190051D40E /* iTunesSearchUITests */,
				BE82AAAD1F4790190051D40E /* Products */,
				6DE48FA945D00F5AB0ED05FD /* Pods */,
				77F256A524D62E83BD234995 /* Frameworks */,
			);
			sourceTree = "<group>";
		};
		BE82AAAD1F4790190051D40E /* Products */ = {
			isa = PBXGroup;
			children = (
				BE82AAAC1F4790190051D40E /* iTunesSearch.app */,
				BE82AAC31F4790190051D40E /* iTunesSearchTests.xctest */,
				BE82AACE1F4790190051D40E /* iTunesSearchUITests.xctest */,
			);
			name = Products;
			sourceTree = "<group>";
		};
		BE82AAAE1F4790190051D40E /* iTunesSearch */ = {
			isa = PBXGroup;
			children = (
				BE82AABB1F4790190051D40E /* LaunchScreen.storyboard */,
				BE82AAB31F4790190051D40E /* Main.storyboard */,
				BE82AAAF1F4790190051D40E /* AppDelegate.swift */,
				BE82AAB11F4790190051D40E /* SearchViewController.swift */,
				BE6E45B51F47C91800E64E1B /* TrackDetailViewController.swift */,
				BE6E45B71F47D50C00E64E1B /* EntityTableViewController.swift */,
				BE6E45B31F47C13200E64E1B /* TrackTableViewCell.swift */,
				BE6E45AE1F47ACD900E64E1B /* Utilities */,
				BE82AABE1F4790190051D40E /* Info.plist */,
				BE82AAB61F4790190051D40E /* iTunesSearch.xcdatamodeld */,
				BE82AAB91F4790190051D40E /* Assets.xcassets */,
			);
			path = iTunesSearch;
			sourceTree = "<group>";
		};
		BE82AAC61F4790190051D40E /* iTunesSearchTests */ = {
			isa = PBXGroup;
			children = (
				BE82AAC71F4790190051D40E /* iTunesSearchTests.swift */,
				BE82AAC91F4790190051D40E /* Info.plist */,
			);
			path = iTunesSearchTests;
			sourceTree = "<group>";
		};
		BE82AAD11F4790190051D40E /* iTunesSearchUITests */ = {
			isa = PBXGroup;
			children = (
				BE82AAD21F4790190051D40E /* iTunesSearchUITests.swift */,
				BE82AAD41F4790190051D40E /* Info.plist */,
			);
			path = iTunesSearchUITests;
			sourceTree = "<group>";
		};
/* End PBXGroup section */

/* Begin PBXNativeTarget section */
		BE82AAAB1F4790180051D40E /* iTunesSearch */ = {
			isa = PBXNativeTarget;
			buildConfigurationList = BE82AAD71F4790190051D40E /* Build configuration list for PBXNativeTarget "iTunesSearch" */;
			buildPhases = (
				01222D9F110AE4D30E8258DD /* [CP] Check Pods Manifest.lock */,
				BE82AAA81F4790180051D40E /* Sources */,
				BE82AAA91F4790180051D40E /* Frameworks */,
				BE82AAAA1F4790180051D40E /* Resources */,
				94E5B7EC57DCBEF6C9CA7B25 /* [CP] Embed Pods Frameworks */,
				58E7744E985ABCB2279E30A3 /* [CP] Copy Pods Resources */,
			);
			buildRules = (
			);
			dependencies = (
			);
			name = iTunesSearch;
			productName = iTunesSearch;
			productReference = BE82AAAC1F4790190051D40E /* iTunesSearch.app */;
			productType = "com.apple.product-type.application";
		};
		BE82AAC21F4790190051D40E /* iTunesSearchTests */ = {
			isa = PBXNativeTarget;
			buildConfigurationList = BE82AADA1F4790190051D40E /* Build configuration list for PBXNativeTarget "iTunesSearchTests" */;
			buildPhases = (
				54D1744F121D5CA6C6320B16 /* [CP] Check Pods Manifest.lock */,
				BE82AABF1F4790190051D40E /* Sources */,
				BE82AAC01F4790190051D40E /* Frameworks */,
				BE82AAC11F4790190051D40E /* Resources */,
				B4BEC9546AE5E2D07661EE1D /* [CP] Embed Pods Frameworks */,
				74837AC8B72185F1DE4EF5E1 /* [CP] Copy Pods Resources */,
			);
			buildRules = (
			);
			dependencies = (
				BE82AAC51F4790190051D40E /* PBXTargetDependency */,
			);
			name = iTunesSearchTests;
			productName = iTunesSearchTests;
			productReference = BE82AAC31F4790190051D40E /* iTunesSearchTests.xctest */;
			productType = "com.apple.product-type.bundle.unit-test";
		};
		BE82AACD1F4790190051D40E /* iTunesSearchUITests */ = {
			isa = PBXNativeTarget;
			buildConfigurationList = BE82AADD1F4790190051D40E /* Build configuration list for PBXNativeTarget "iTunesSearchUITests" */;
			buildPhases = (
				10C0A69313068A52A044F130 /* [CP] Check Pods Manifest.lock */,
				BE82AACA1F4790190051D40E /* Sources */,
				BE82AACB1F4790190051D40E /* Frameworks */,
				BE82AACC1F4790190051D40E /* Resources */,
				77F3482FC3F7611B583EF3A2 /* [CP] Embed Pods Frameworks */,
				FEE0120077E4567D6C193521 /* [CP] Copy Pods Resources */,
			);
			buildRules = (
			);
			dependencies = (
				BE82AAD01F4790190051D40E /* PBXTargetDependency */,
			);
			name = iTunesSearchUITests;
			productName = iTunesSearchUITests;
			productReference = BE82AACE1F4790190051D40E /* iTunesSearchUITests.xctest */;
			productType = "com.apple.product-type.bundle.ui-testing";
		};
/* End PBXNativeTarget section */

/* Begin PBXProject section */
		BE82AAA41F4790180051D40E /* Project object */ = {
			isa = PBXProject;
			attributes = {
				LastSwiftUpdateCheck = 0830;
				LastUpgradeCheck = 0830;
				ORGANIZATIONNAME = kwhittaker;
				TargetAttributes = {
					BE82AAAB1F4790180051D40E = {
						CreatedOnToolsVersion = 8.3.3;
						DevelopmentTeam = VXG7JDMUQ6;
						ProvisioningStyle = Automatic;
					};
					BE82AAC21F4790190051D40E = {
						CreatedOnToolsVersion = 8.3.3;
						DevelopmentTeam = VXG7JDMUQ6;
						ProvisioningStyle = Automatic;
						TestTargetID = BE82AAAB1F4790180051D40E;
					};
					BE82AACD1F4790190051D40E = {
						CreatedOnToolsVersion = 8.3.3;
						DevelopmentTeam = VXG7JDMUQ6;
						ProvisioningStyle = Automatic;
						TestTargetID = BE82AAAB1F4790180051D40E;
					};
				};
			};
			buildConfigurationList = BE82AAA71F4790180051D40E /* Build configuration list for PBXProject "iTunesSearch" */;
			compatibilityVersion = "Xcode 3.2";
			developmentRegion = English;
			hasScannedForEncodings = 0;
			knownRegions = (
				en,
				Base,
			);
			mainGroup = BE82AAA31F4790180051D40E;
			productRefGroup = BE82AAAD1F4790190051D40E /* Products */;
			projectDirPath = "";
			projectRoot = "";
			targets = (
				BE82AAAB1F4790180051D40E /* iTunesSearch */,
				BE82AAC21F4790190051D40E /* iTunesSearchTests */,
				BE82AACD1F4790190051D40E /* iTunesSearchUITests */,
			);
		};
/* End PBXProject section */

/* Begin PBXResourcesBuildPhase section */
		BE82AAAA1F4790180051D40E /* Resources */ = {
			isa = PBXResourcesBuildPhase;
			buildActionMask = 2147483647;
			files = (
				BE82AABD1F4790190051D40E /* LaunchScreen.storyboard in Resources */,
				BE82AABA1F4790190051D40E /* Assets.xcassets in Resources */,
				BE82AAB51F4790190051D40E /* Main.storyboard in Resources */,
			);
			runOnlyForDeploymentPostprocessing = 0;
		};
		BE82AAC11F4790190051D40E /* Resources */ = {
			isa = PBXResourcesBuildPhase;
			buildActionMask = 2147483647;
			files = (
			);
			runOnlyForDeploymentPostprocessing = 0;
		};
		BE82AACC1F4790190051D40E /* Resources */ = {
			isa = PBXResourcesBuildPhase;
			buildActionMask = 2147483647;
			files = (
			);
			runOnlyForDeploymentPostprocessing = 0;
		};
/* End PBXResourcesBuildPhase section */

/* Begin PBXShellScriptBuildPhase section */
		01222D9F110AE4D30E8258DD /* [CP] Check Pods Manifest.lock */ = {
			isa = PBXShellScriptBuildPhase;
			buildActionMask = 2147483647;
			files = (
			);
			inputPaths = (
				"${PODS_PODFILE_DIR_PATH}/Podfile.lock",
				"${PODS_ROOT}/Manifest.lock",
			);
			name = "[CP] Check Pods Manifest.lock";
			outputPaths = (
				"$(DERIVED_FILE_DIR)/Pods-iTunesSearch-checkManifestLockResult.txt",
			);
			runOnlyForDeploymentPostprocessing = 0;
			shellPath = /bin/sh;
			shellScript = "diff \"${PODS_PODFILE_DIR_PATH}/Podfile.lock\" \"${PODS_ROOT}/Manifest.lock\" > /dev/null\nif [ $? != 0 ] ; then\n    # print error to STDERR\n    echo \"error: The sandbox is not in sync with the Podfile.lock. Run 'pod install' or update your CocoaPods installation.\" >&2\n    exit 1\nfi\n# This output is used by Xcode 'outputs' to avoid re-running this script phase.\necho \"SUCCESS\" > \"${SCRIPT_OUTPUT_FILE_0}\"\n";
			showEnvVarsInLog = 0;
		};
		10C0A69313068A52A044F130 /* [CP] Check Pods Manifest.lock */ = {
			isa = PBXShellScriptBuildPhase;
			buildActionMask = 2147483647;
			files = (
			);
			inputPaths = (
				"${PODS_PODFILE_DIR_PATH}/Podfile.lock",
				"${PODS_ROOT}/Manifest.lock",
			);
			name = "[CP] Check Pods Manifest.lock";
			outputPaths = (
				"$(DERIVED_FILE_DIR)/Pods-iTunesSearchUITests-checkManifestLockResult.txt",
			);
			runOnlyForDeploymentPostprocessing = 0;
			shellPath = /bin/sh;
			shellScript = "diff \"${PODS_PODFILE_DIR_PATH}/Podfile.lock\" \"${PODS_ROOT}/Manifest.lock\" > /dev/null\nif [ $? != 0 ] ; then\n    # print error to STDERR\n    echo \"error: The sandbox is not in sync with the Podfile.lock. Run 'pod install' or update your CocoaPods installation.\" >&2\n    exit 1\nfi\n# This output is used by Xcode 'outputs' to avoid re-running this script phase.\necho \"SUCCESS\" > \"${SCRIPT_OUTPUT_FILE_0}\"\n";
			showEnvVarsInLog = 0;
		};
		54D1744F121D5CA6C6320B16 /* [CP] Check Pods Manifest.lock */ = {
			isa = PBXShellScriptBuildPhase;
			buildActionMask = 2147483647;
			files = (
			);
			inputPaths = (
				"${PODS_PODFILE_DIR_PATH}/Podfile.lock",
				"${PODS_ROOT}/Manifest.lock",
			);
			name = "[CP] Check Pods Manifest.lock";
			outputPaths = (
				"$(DERIVED_FILE_DIR)/Pods-iTunesSearchTests-checkManifestLockResult.txt",
			);
			runOnlyForDeploymentPostprocessing = 0;
			shellPath = /bin/sh;
			shellScript = "diff \"${PODS_PODFILE_DIR_PATH}/Podfile.lock\" \"${PODS_ROOT}/Manifest.lock\" > /dev/null\nif [ $? != 0 ] ; then\n    # print error to STDERR\n    echo \"error: The sandbox is not in sync with the Podfile.lock. Run 'pod install' or update your CocoaPods installation.\" >&2\n    exit 1\nfi\n# This output is used by Xcode 'outputs' to avoid re-running this script phase.\necho \"SUCCESS\" > \"${SCRIPT_OUTPUT_FILE_0}\"\n";
			showEnvVarsInLog = 0;
		};
		58E7744E985ABCB2279E30A3 /* [CP] Copy Pods Resources */ = {
			isa = PBXShellScriptBuildPhase;
			buildActionMask = 2147483647;
			files = (
			);
			inputPaths = (
			);
			name = "[CP] Copy Pods Resources";
			outputPaths = (
			);
			runOnlyForDeploymentPostprocessing = 0;
			shellPath = /bin/sh;
			shellScript = "\"${SRCROOT}/Pods/Target Support Files/Pods-iTunesSearch/Pods-iTunesSearch-resources.sh\"\n";
			showEnvVarsInLog = 0;
		};
		74837AC8B72185F1DE4EF5E1 /* [CP] Copy Pods Resources */ = {
			isa = PBXShellScriptBuildPhase;
			buildActionMask = 2147483647;
			files = (
			);
			inputPaths = (
			);
			name = "[CP] Copy Pods Resources";
			outputPaths = (
			);
			runOnlyForDeploymentPostprocessing = 0;
			shellPath = /bin/sh;
			shellScript = "\"${SRCROOT}/Pods/Target Support Files/Pods-iTunesSearchTests/Pods-iTunesSearchTests-resources.sh\"\n";
			showEnvVarsInLog = 0;
		};
		77F3482FC3F7611B583EF3A2 /* [CP] Embed Pods Frameworks */ = {
			isa = PBXShellScriptBuildPhase;
			buildActionMask = 2147483647;
			files = (
			);
			inputPaths = (
			);
			name = "[CP] Embed Pods Frameworks";
			outputPaths = (
			);
			runOnlyForDeploymentPostprocessing = 0;
			shellPath = /bin/sh;
			shellScript = "\"${SRCROOT}/Pods/Target Support Files/Pods-iTunesSearchUITests/Pods-iTunesSearchUITests-frameworks.sh\"\n";
			showEnvVarsInLog = 0;
		};
		94E5B7EC57DCBEF6C9CA7B25 /* [CP] Embed Pods Frameworks */ = {
			isa = PBXShellScriptBuildPhase;
			buildActionMask = 2147483647;
			files = (
			);
			inputPaths = (
				"${SRCROOT}/Pods/Target Support Files/Pods-iTunesSearch/Pods-iTunesSearch-frameworks.sh",
				"${BUILT_PRODUCTS_DIR}/Kingfisher/Kingfisher.framework",
				"${BUILT_PRODUCTS_DIR}/SwiftyJSON/SwiftyJSON.framework",
			);
			name = "[CP] Embed Pods Frameworks";
			outputPaths = (
				"${TARGET_BUILD_DIR}/${FRAMEWORKS_FOLDER_PATH}/Kingfisher.framework",
				"${TARGET_BUILD_DIR}/${FRAMEWORKS_FOLDER_PATH}/SwiftyJSON.framework",
			);
			runOnlyForDeploymentPostprocessing = 0;
			shellPath = /bin/sh;
			shellScript = "\"${SRCROOT}/Pods/Target Support Files/Pods-iTunesSearch/Pods-iTunesSearch-frameworks.sh\"\n";
			showEnvVarsInLog = 0;
		};
		B4BEC9546AE5E2D07661EE1D /* [CP] Embed Pods Frameworks */ = {
			isa = PBXShellScriptBuildPhase;
			buildActionMask = 2147483647;
			files = (
			);
			inputPaths = (
			);
			name = "[CP] Embed Pods Frameworks";
			outputPaths = (
			);
			runOnlyForDeploymentPostprocessing = 0;
			shellPath = /bin/sh;
			shellScript = "\"${SRCROOT}/Pods/Target Support Files/Pods-iTunesSearchTests/Pods-iTunesSearchTests-frameworks.sh\"\n";
			showEnvVarsInLog = 0;
		};
		FEE0120077E4567D6C193521 /* [CP] Copy Pods Resources */ = {
			isa = PBXShellScriptBuildPhase;
			buildActionMask = 2147483647;
			files = (
			);
			inputPaths = (
			);
			name = "[CP] Copy Pods Resources";
			outputPaths = (
			);
			runOnlyForDeploymentPostprocessing = 0;
			shellPath = /bin/sh;
			shellScript = "\"${SRCROOT}/Pods/Target Support Files/Pods-iTunesSearchUITests/Pods-iTunesSearchUITests-resources.sh\"\n";
			showEnvVarsInLog = 0;
		};
/* End PBXShellScriptBuildPhase section */

/* Begin PBXSourcesBuildPhase section */
		BE82AAA81F4790180051D40E /* Sources */ = {
			isa = PBXSourcesBuildPhase;
			buildActionMask = 2147483647;
			files = (
				BE6E45B21F47AEDA00E64E1B /* Constants.swift in Sources */,
				BE6E45B41F47C13200E64E1B /* TrackTableViewCell.swift in Sources */,
				BE6E45B01F47AD1100E64E1B /* APIManager.swift in Sources */,
				BE82AAB81F4790190051D40E /* iTunesSearch.xcdatamodeld in Sources */,
				BE82AAB21F4790190051D40E /* SearchViewController.swift in Sources */,
				BE82AAB01F4790190051D40E /* AppDelegate.swift in Sources */,
				BE6E45B81F47D50C00E64E1B /* EntityTableViewController.swift in Sources */,
				BE6E45B61F47C91800E64E1B /* TrackDetailViewController.swift in Sources */,
			);
			runOnlyForDeploymentPostprocessing = 0;
		};
		BE82AABF1F4790190051D40E /* Sources */ = {
			isa = PBXSourcesBuildPhase;
			buildActionMask = 2147483647;
			files = (
				BE82AAC81F4790190051D40E /* iTunesSearchTests.swift in Sources */,
			);
			runOnlyForDeploymentPostprocessing = 0;
		};
		BE82AACA1F4790190051D40E /* Sources */ = {
			isa = PBXSourcesBuildPhase;
			buildActionMask = 2147483647;
			files = (
				BE82AAD31F4790190051D40E /* iTunesSearchUITests.swift in Sources */,
			);
			runOnlyForDeploymentPostprocessing = 0;
		};
/* End PBXSourcesBuildPhase section */

/* Begin PBXTargetDependency section */
		BE82AAC51F4790190051D40E /* PBXTargetDependency */ = {
			isa = PBXTargetDependency;
			target = BE82AAAB1F4790180051D40E /* iTunesSearch */;
			targetProxy = BE82AAC41F4790190051D40E /* PBXContainerItemProxy */;
		};
		BE82AAD01F4790190051D40E /* PBXTargetDependency */ = {
			isa = PBXTargetDependency;
			target = BE82AAAB1F4790180051D40E /* iTunesSearch */;
			targetProxy = BE82AACF1F4790190051D40E /* PBXContainerItemProxy */;
		};
/* End PBXTargetDependency section */

/* Begin PBXVariantGroup section */
		BE82AAB31F4790190051D40E /* Main.storyboard */ = {
			isa = PBXVariantGroup;
			children = (
				BE82AAB41F4790190051D40E /* Base */,
			);
			name = Main.storyboard;
			sourceTree = "<group>";
		};
		BE82AABB1F4790190051D40E /* LaunchScreen.storyboard */ = {
			isa = PBXVariantGroup;
			children = (
				BE82AABC1F4790190051D40E /* Base */,
			);
			name = LaunchScreen.storyboard;
			sourceTree = "<group>";
		};
/* End PBXVariantGroup section */

/* Begin XCBuildConfiguration section */
		BE82AAD51F4790190051D40E /* Debug */ = {
			isa = XCBuildConfiguration;
			buildSettings = {
				ALWAYS_SEARCH_USER_PATHS = NO;
				CLANG_ANALYZER_NONNULL = YES;
				CLANG_ANALYZER_NUMBER_OBJECT_CONVERSION = YES_AGGRESSIVE;
				CLANG_CXX_LANGUAGE_STANDARD = "gnu++0x";
				CLANG_CXX_LIBRARY = "libc++";
				CLANG_ENABLE_MODULES = YES;
				CLANG_ENABLE_OBJC_ARC = YES;
				CLANG_WARN_BOOL_CONVERSION = YES;
				CLANG_WARN_CONSTANT_CONVERSION = YES;
				CLANG_WARN_DIRECT_OBJC_ISA_USAGE = YES_ERROR;
				CLANG_WARN_DOCUMENTATION_COMMENTS = YES;
				CLANG_WARN_EMPTY_BODY = YES;
				CLANG_WARN_ENUM_CONVERSION = YES;
				CLANG_WARN_INFINITE_RECURSION = YES;
				CLANG_WARN_INT_CONVERSION = YES;
				CLANG_WARN_OBJC_ROOT_CLASS = YES_ERROR;
				CLANG_WARN_SUSPICIOUS_MOVE = YES;
				CLANG_WARN_UNREACHABLE_CODE = YES;
				CLANG_WARN__DUPLICATE_METHOD_MATCH = YES;
				"CODE_SIGN_IDENTITY[sdk=iphoneos*]" = "iPhone Developer";
				COPY_PHASE_STRIP = NO;
				DEBUG_INFORMATION_FORMAT = dwarf;
				ENABLE_STRICT_OBJC_MSGSEND = YES;
				ENABLE_TESTABILITY = YES;
				GCC_C_LANGUAGE_STANDARD = gnu99;
				GCC_DYNAMIC_NO_PIC = NO;
				GCC_NO_COMMON_BLOCKS = YES;
				GCC_OPTIMIZATION_LEVEL = 0;
				GCC_PREPROCESSOR_DEFINITIONS = (
					"DEBUG=1",
					"$(inherited)",
				);
				GCC_WARN_64_TO_32_BIT_CONVERSION = YES;
				GCC_WARN_ABOUT_RETURN_TYPE = YES_ERROR;
				GCC_WARN_UNDECLARED_SELECTOR = YES;
				GCC_WARN_UNINITIALIZED_AUTOS = YES_AGGRESSIVE;
				GCC_WARN_UNUSED_FUNCTION = YES;
				GCC_WARN_UNUSED_VARIABLE = YES;
				IPHONEOS_DEPLOYMENT_TARGET = 10.3;
				MTL_ENABLE_DEBUG_INFO = YES;
				ONLY_ACTIVE_ARCH = YES;
				SDKROOT = iphoneos;
				SWIFT_ACTIVE_COMPILATION_CONDITIONS = DEBUG;
				SWIFT_OPTIMIZATION_LEVEL = "-Onone";
			};
			name = Debug;
		};
		BE82AAD61F4790190051D40E /* Release */ = {
			isa = XCBuildConfiguration;
			buildSettings = {
				ALWAYS_SEARCH_USER_PATHS = NO;
				CLANG_ANALYZER_NONNULL = YES;
				CLANG_ANALYZER_NUMBER_OBJECT_CONVERSION = YES_AGGRESSIVE;
				CLANG_CXX_LANGUAGE_STANDARD = "gnu++0x";
				CLANG_CXX_LIBRARY = "libc++";
				CLANG_ENABLE_MODULES = YES;
				CLANG_ENABLE_OBJC_ARC = YES;
				CLANG_WARN_BOOL_CONVERSION = YES;
				CLANG_WARN_CONSTANT_CONVERSION = YES;
				CLANG_WARN_DIRECT_OBJC_ISA_USAGE = YES_ERROR;
				CLANG_WARN_DOCUMENTATION_COMMENTS = YES;
				CLANG_WARN_EMPTY_BODY = YES;
				CLANG_WARN_ENUM_CONVERSION = YES;
				CLANG_WARN_INFINITE_RECURSION = YES;
				CLANG_WARN_INT_CONVERSION = YES;
				CLANG_WARN_OBJC_ROOT_CLASS = YES_ERROR;
				CLANG_WARN_SUSPICIOUS_MOVE = YES;
				CLANG_WARN_UNREACHABLE_CODE = YES;
				CLANG_WARN__DUPLICATE_METHOD_MATCH = YES;
				"CODE_SIGN_IDENTITY[sdk=iphoneos*]" = "iPhone Developer";
				COPY_PHASE_STRIP = NO;
				DEBUG_INFORMATION_FORMAT = "dwarf-with-dsym";
				ENABLE_NS_ASSERTIONS = NO;
				ENABLE_STRICT_OBJC_MSGSEND = YES;
				GCC_C_LANGUAGE_STANDARD = gnu99;
				GCC_NO_COMMON_BLOCKS = YES;
				GCC_WARN_64_TO_32_BIT_CONVERSION = YES;
				GCC_WARN_ABOUT_RETURN_TYPE = YES_ERROR;
				GCC_WARN_UNDECLARED_SELECTOR = YES;
				GCC_WARN_UNINITIALIZED_AUTOS = YES_AGGRESSIVE;
				GCC_WARN_UNUSED_FUNCTION = YES;
				GCC_WARN_UNUSED_VARIABLE = YES;
				IPHONEOS_DEPLOYMENT_TARGET = 10.3;
				MTL_ENABLE_DEBUG_INFO = NO;
				SDKROOT = iphoneos;
				SWIFT_OPTIMIZATION_LEVEL = "-Owholemodule";
				VALIDATE_PRODUCT = YES;
			};
			name = Release;
		};
		BE82AAD81F4790190051D40E /* Debug */ = {
			isa = XCBuildConfiguration;
			baseConfigurationReference = 4AB0918568A0174948F84C71 /* Pods-iTunesSearch.debug.xcconfig */;
			buildSettings = {
				ASSETCATALOG_COMPILER_APPICON_NAME = AppIcon;
				DEVELOPMENT_TEAM = VXG7JDMUQ6;
				INFOPLIST_FILE = iTunesSearch/Info.plist;
				LD_RUNPATH_SEARCH_PATHS = "$(inherited) @executable_path/Frameworks";
				PRODUCT_BUNDLE_IDENTIFIER = com.kwhittaker.iTunesSearch;
				PRODUCT_NAME = "$(TARGET_NAME)";
				SWIFT_VERSION = 3.0;
			};
			name = Debug;
		};
		BE82AAD91F4790190051D40E /* Release */ = {
			isa = XCBuildConfiguration;
			baseConfigurationReference = F59B48A6C96EB5DE9DAE1584 /* Pods-iTunesSearch.release.xcconfig */;
			buildSettings = {
				ASSETCATALOG_COMPILER_APPICON_NAME = AppIcon;
				DEVELOPMENT_TEAM = VXG7JDMUQ6;
				INFOPLIST_FILE = iTunesSearch/Info.plist;
				LD_RUNPATH_SEARCH_PATHS = "$(inherited) @executable_path/Frameworks";
				PRODUCT_BUNDLE_IDENTIFIER = com.kwhittaker.iTunesSearch;
				PRODUCT_NAME = "$(TARGET_NAME)";
				SWIFT_VERSION = 3.0;
			};
			name = Release;
		};
		BE82AADB1F4790190051D40E /* Debug */ = {
			isa = XCBuildConfiguration;
			baseConfigurationReference = FA2A47286E726B44627C6A7D /* Pods-iTunesSearchTests.debug.xcconfig */;
			buildSettings = {
				ALWAYS_EMBED_SWIFT_STANDARD_LIBRARIES = YES;
				BUNDLE_LOADER = "$(TEST_HOST)";
				DEVELOPMENT_TEAM = VXG7JDMUQ6;
				INFOPLIST_FILE = iTunesSearchTests/Info.plist;
				LD_RUNPATH_SEARCH_PATHS = "$(inherited) @executable_path/Frameworks @loader_path/Frameworks";
				PRODUCT_BUNDLE_IDENTIFIER = com.kwhittaker.iTunesSearchTests;
				PRODUCT_NAME = "$(TARGET_NAME)";
				SWIFT_VERSION = 3.0;
				TEST_HOST = "$(BUILT_PRODUCTS_DIR)/iTunesSearch.app/iTunesSearch";
			};
			name = Debug;
		};
		BE82AADC1F4790190051D40E /* Release */ = {
			isa = XCBuildConfiguration;
			baseConfigurationReference = 481BF7003552364224613856 /* Pods-iTunesSearchTests.release.xcconfig */;
			buildSettings = {
				ALWAYS_EMBED_SWIFT_STANDARD_LIBRARIES = YES;
				BUNDLE_LOADER = "$(TEST_HOST)";
				DEVELOPMENT_TEAM = VXG7JDMUQ6;
				INFOPLIST_FILE = iTunesSearchTests/Info.plist;
				LD_RUNPATH_SEARCH_PATHS = "$(inherited) @executable_path/Frameworks @loader_path/Frameworks";
				PRODUCT_BUNDLE_IDENTIFIER = com.kwhittaker.iTunesSearchTests;
				PRODUCT_NAME = "$(TARGET_NAME)";
				SWIFT_VERSION = 3.0;
				TEST_HOST = "$(BUILT_PRODUCTS_DIR)/iTunesSearch.app/iTunesSearch";
			};
			name = Release;
		};
		BE82AADE1F4790190051D40E /* Debug */ = {
			isa = XCBuildConfiguration;
			baseConfigurationReference = E92E1FA501A84C6CD86DE6EC /* Pods-iTunesSearchUITests.debug.xcconfig */;
			buildSettings = {
				ALWAYS_EMBED_SWIFT_STANDARD_LIBRARIES = YES;
				DEVELOPMENT_TEAM = VXG7JDMUQ6;
				INFOPLIST_FILE = iTunesSearchUITests/Info.plist;
				LD_RUNPATH_SEARCH_PATHS = "$(inherited) @executable_path/Frameworks @loader_path/Frameworks";
				PRODUCT_BUNDLE_IDENTIFIER = com.kwhittaker.iTunesSearchUITests;
				PRODUCT_NAME = "$(TARGET_NAME)";
				SWIFT_VERSION = 3.0;
				TEST_TARGET_NAME = iTunesSearch;
			};
			name = Debug;
		};
		BE82AADF1F4790190051D40E /* Release */ = {
			isa = XCBuildConfiguration;
			baseConfigurationReference = 6747B3F01F0770D54C84AD10 /* Pods-iTunesSearchUITests.release.xcconfig */;
			buildSettings = {
				ALWAYS_EMBED_SWIFT_STANDARD_LIBRARIES = YES;
				DEVELOPMENT_TEAM = VXG7JDMUQ6;
				INFOPLIST_FILE = iTunesSearchUITests/Info.plist;
				LD_RUNPATH_SEARCH_PATHS = "$(inherited) @executable_path/Frameworks @loader_path/Frameworks";
				PRODUCT_BUNDLE_IDENTIFIER = com.kwhittaker.iTunesSearchUITests;
				PRODUCT_NAME = "$(TARGET_NAME)";
				SWIFT_VERSION = 3.0;
				TEST_TARGET_NAME = iTunesSearch;
			};
			name = Release;
		};
/* End XCBuildConfiguration section */

/* Begin XCConfigurationList section */
		BE82AAA71F4790180051D40E /* Build configuration list for PBXProject "iTunesSearch" */ = {
			isa = XCConfigurationList;
			buildConfigurations = (
				BE82AAD51F4790190051D40E /* Debug */,
				BE82AAD61F4790190051D40E /* Release */,
			);
			defaultConfigurationIsVisible = 0;
			defaultConfigurationName = Release;
		};
		BE82AAD71F4790190051D40E /* Build configuration list for PBXNativeTarget "iTunesSearch" */ = {
			isa = XCConfigurationList;
			buildConfigurations = (
				BE82AAD81F4790190051D40E /* Debug */,
				BE82AAD91F4790190051D40E /* Release */,
			);
			defaultConfigurationIsVisible = 0;
			defaultConfigurationName = Release;
		};
		BE82AADA1F4790190051D40E /* Build configuration list for PBXNativeTarget "iTunesSearchTests" */ = {
			isa = XCConfigurationList;
			buildConfigurations = (
				BE82AADB1F4790190051D40E /* Debug */,
				BE82AADC1F4790190051D40E /* Release */,
			);
			defaultConfigurationIsVisible = 0;
			defaultConfigurationName = Release;
		};
		BE82AADD1F4790190051D40E /* Build configuration list for PBXNativeTarget "iTunesSearchUITests" */ = {
			isa = XCConfigurationList;
			buildConfigurations = (
				BE82AADE1F4790190051D40E /* Debug */,
				BE82AADF1F4790190051D40E /* Release */,
			);
			defaultConfigurationIsVisible = 0;
			defaultConfigurationName = Release;
		};
/* End XCConfigurationList section */

/* Begin XCVersionGroup section */
		BE82AAB61F4790190051D40E /* iTunesSearch.xcdatamodeld */ = {
			isa = XCVersionGroup;
			children = (
				BE82AAB71F4790190051D40E /* iTunesSearch.xcdatamodel */,
			);
			currentVersion = BE82AAB71F4790190051D40E /* iTunesSearch.xcdatamodel */;
			path = iTunesSearch.xcdatamodeld;
			sourceTree = "<group>";
			versionGroupType = wrapper.xcdatamodel;
		};
/* End XCVersionGroup section */
	};
	rootObject = BE82AAA41F4790180051D40E /* Project object */;
}
