// !$*UTF8*$!
{
	archiveVersion = 1;
	classes = {
	};
	objectVersion = 46;
	objects = {

/* Begin PBXBuildFile section */
		BE82AAB01F4790190051D40E /* AppDelegate.swift in Sources */ = {isa = PBXBuildFile; fileRef = BE82AAAF1F4790190051D40E /* AppDelegate.swift */; };
		BE82AAB21F4790190051D40E /* ViewController.swift in Sources */ = {isa = PBXBuildFile; fileRef = BE82AAB11F4790190051D40E /* ViewController.swift */; };
		BE82AAB51F4790190051D40E /* Main.storyboard in Resources */ = {isa = PBXBuildFile; fileRef = BE82AAB31F4790190051D40E /* Main.storyboard */; };
		BE82AAB81F4790190051D40E /* iTunesSearch.xcdatamodeld in Sources */ = {isa = PBXBuildFile; fileRef = BE82AAB61F4790190051D40E /* iTunesSearch.xcdatamodeld */; };
		BE82AABA1F4790190051D40E /* Assets.xcassets in Resources */ = {isa = PBXBuildFile; fileRef = BE82AAB91F4790190051D40E /* Assets.xcassets */; };
		BE82AABD1F4790190051D40E /* LaunchScreen.storyboard in Resources */ = {isa = PBXBuildFile; fileRef = BE82AABB1F4790190051D40E /* LaunchScreen.storyboard */; };
		BE82AAC81F4790190051D40E /* iTunesSearchTests.swift in Sources */ = {isa = PBXBuildFile; fileRef = BE82AAC71F4790190051D40E /* iTunesSearchTests.swift */; };
		BE82AAD31F4790190051D40E /* iTunesSearchUITests.swift in Sources */ = {isa = PBXBuildFile; fileRef = BE82AAD21F4790190051D40E /* iTunesSearchUITests.swift */; };
/* End PBXBuildFile section */

/* Begin PBXContainerItemProxy section */
		BE82AAC41F4790190051D40E /* PBXContainerItemProxy */ = {
			isa = PBXContainerItemProxy;
			containerPortal = BE82AAA41F4790180051D40E /* Project object */;
			proxyType = 1;
			remoteGlobalIDString = BE82AAAB1F4790180051D40E;
			remoteInfo = iTunesSearch;
		};
		BE82AACF1F4790190051D40E /* PBXContainerItemProxy */ = {
			isa = PBXContainerItemProxy;
			containerPortal = BE82AAA41F4790180051D40E /* Project object */;
			proxyType = 1;
			remoteGlobalIDString = BE82AAAB1F4790180051D40E;
			remoteInfo = iTunesSearch;
		};
/* End PBXContainerItemProxy section */

/* Begin PBXFileReference section */
		BE82AAAC1F4790190051D40E /* iTunesSearch.app */ = {isa = PBXFileReference; explicitFileType = wrapper.application; includeInIndex = 0; path = iTunesSearch.app; sourceTree = BUILT_PRODUCTS_DIR; };
		BE82AAAF1F4790190051D40E /* AppDelegate.swift */ = {isa = PBXFileReference; lastKnownFileType = sourcecode.swift; path = AppDelegate.swift; sourceTree = "<group>"; };
		BE82AAB11F4790190051D40E /* ViewController.swift */ = {isa = PBXFileReference; lastKnownFileType = sourcecode.swift; path = ViewController.swift; sourceTree = "<group>"; };
		BE82AAB41F4790190051D40E /* Base */ = {isa = PBXFileReference; lastKnownFileType = file.storyboard; name = Base; path = Base.lproj/Main.storyboard; sourceTree = "<group>"; };
		BE82AAB71F4790190051D40E /* iTunesSearch.xcdatamodel */ = {isa = PBXFileReference; lastKnownFileType = wrapper.xcdatamodel; path = iTunesSearch.xcdatamodel; sourceTree = "<group>"; };
		BE82AAB91F4790190051D40E /* Assets.xcassets */ = {isa = PBXFileReference; lastKnownFileType = folder.assetcatalog; path = Assets.xcassets; sourceTree = "<group>"; };
		BE82AABC1F4790190051D40E /* Base */ = {isa = PBXFileReference; lastKnownFileType = file.storyboard; name = Base; path = Base.lproj/LaunchScreen.storyboard; sourceTree = "<group>"; };
		BE82AABE1F4790190051D40E /* Info.plist */ = {isa = PBXFileReference; lastKnownFileType = text.plist.xml; path = Info.plist; sourceTree = "<group>"; };
		BE82AAC31F4790190051D40E /* iTunesSearchTests.xctest */ = {isa = PBXFileReference; explicitFileType = wrapper.cfbundle; includeInIndex = 0; path = iTunesSearchTests.xctest; sourceTree = BUILT_PRODUCTS_DIR; };
		BE82AAC71F4790190051D40E /* iTunesSearchTests.swift */ = {isa = PBXFileReference; lastKnownFileType = sourcecode.swift; path = iTunesSearchTests.swift; sourceTree = "<group>"; };
		BE82AAC91F4790190051D40E /* Info.plist */ = {isa = PBXFileReference; lastKnownFileType = text.plist.xml; path = Info.plist; sourceTree = "<group>"; };
		BE82AACE1F4790190051D40E /* iTunesSearchUITests.xctest */ = {isa = PBXFileReference; explicitFileType = wrapper.cfbundle; includeInIndex = 0; path = iTunesSearchUITests.xctest; sourceTree = BUILT_PRODUCTS_DIR; };
		BE82AAD21F4790190051D40E /* iTunesSearchUITests.swift */ = {isa = PBXFileReference; lastKnownFileType = sourcecode.swift; path = iTunesSearchUITests.swift; sourceTree = "<group>"; };
		BE82AAD41F4790190051D40E /* Info.plist */ = {isa = PBXFileReference; lastKnownFileType = text.plist.xml; path = Info.plist; sourceTree = "<group>"; };
/* End PBXFileReference section */

/* Begin PBXFrameworksBuildPhase section */
		BE82AAA91F4790180051D40E /* Frameworks */ = {
			isa = PBXFrameworksBuildPhase;
			buildActionMask = 2147483647;
			files = (
			);
			runOnlyForDeploymentPostprocessing = 0;
		};
		BE82AAC01F4790190051D40E /* Frameworks */ = {
			isa = PBXFrameworksBuildPhase;
			buildActionMask = 2147483647;
			files = (
			);
			runOnlyForDeploymentPostprocessing = 0;
		};
		BE82AACB1F4790190051D40E /* Frameworks */ = {
			isa = PBXFrameworksBuildPhase;
			buildActionMask = 2147483647;
			files = (
			);
			runOnlyForDeploymentPostprocessing = 0;
		};
/* End PBXFrameworksBuildPhase section */

/* Begin PBXGroup section */
		BE82AAA31F4790180051D40E = {
			isa = PBXGroup;
			children = (
				BE82AAAE1F4790190051D40E /* iTunesSearch */,
				BE82AAC61F4790190051D40E /* iTunesSearchTests */,
				BE82AAD11F4790190051D40E /* iTunesSearchUITests */,
				BE82AAAD1F4790190051D40E /* Products */,
			);
			sourceTree = "<group>";
		};
		BE82AAAD1F4790190051D40E /* Products */ = {
			isa = PBXGroup;
			children = (
				BE82AAAC1F4790190051D40E /* iTunesSearch.app */,
				BE82AAC31F4790190051D40E /* iTunesSearchTests.xctest */,
				BE82AACE1F4790190051D40E /* iTunesSearchUITests.xctest */,
			);
			name = Products;
			sourceTree = "<group>";
		};
		BE82AAAE1F4790190051D40E /* iTunesSearch */ = {
			isa = PBXGroup;
			children = (
				BE82AAAF1F4790190051D40E /* AppDelegate.swift */,
				BE82AAB11F4790190051D40E /* ViewController.swift */,
				BE82AAB31F4790190051D40E /* Main.storyboard */,
				BE82AAB91F4790190051D40E /* Assets.xcassets */,
				BE82AABB1F4790190051D40E /* LaunchScreen.storyboard */,
				BE82AABE1F4790190051D40E /* Info.plist */,
				BE82AAB61F4790190051D40E /* iTunesSearch.xcdatamodeld */,
			);
			path = iTunesSearch;
			sourceTree = "<group>";
		};
		BE82AAC61F4790190051D40E /* iTunesSearchTests */ = {
			isa = PBXGroup;
			children = (
				BE82AAC71F4790190051D40E /* iTunesSearchTests.swift */,
				BE82AAC91F4790190051D40E /* Info.plist */,
			);
			path = iTunesSearchTests;
			sourceTree = "<group>";
		};
		BE82AAD11F4790190051D40E /* iTunesSearchUITests */ = {
			isa = PBXGroup;
			children = (
				BE82AAD21F4790190051D40E /* iTunesSearchUITests.swift */,
				BE82AAD41F4790190051D40E /* Info.plist */,
			);
			path = iTunesSearchUITests;
			sourceTree = "<group>";
		};
/* End PBXGroup section */

/* Begin PBXNativeTarget section */
		BE82AAAB1F4790180051D40E /* iTunesSearch */ = {
			isa = PBXNativeTarget;
			buildConfigurationList = BE82AAD71F4790190051D40E /* Build configuration list for PBXNativeTarget "iTunesSearch" */;
			buildPhases = (
				BE82AAA81F4790180051D40E /* Sources */,
				BE82AAA91F4790180051D40E /* Frameworks */,
				BE82AAAA1F4790180051D40E /* Resources */,
			);
			buildRules = (
			);
			dependencies = (
			);
			name = iTunesSearch;
			productName = iTunesSearch;
			productReference = BE82AAAC1F4790190051D40E /* iTunesSearch.app */;
			productType = "com.apple.product-type.application";
		};
		BE82AAC21F4790190051D40E /* iTunesSearchTests */ = {
			isa = PBXNativeTarget;
			buildConfigurationList = BE82AADA1F4790190051D40E /* Build configuration list for PBXNativeTarget "iTunesSearchTests" */;
			buildPhases = (
				BE82AABF1F4790190051D40E /* Sources */,
				BE82AAC01F4790190051D40E /* Frameworks */,
				BE82AAC11F4790190051D40E /* Resources */,
			);
			buildRules = (
			);
			dependencies = (
				BE82AAC51F4790190051D40E /* PBXTargetDependency */,
			);
			name = iTunesSearchTests;
			productName = iTunesSearchTests;
			productReference = BE82AAC31F4790190051D40E /* iTunesSearchTests.xctest */;
			productType = "com.apple.product-type.bundle.unit-test";
		};
		BE82AACD1F4790190051D40E /* iTunesSearchUITests */ = {
			isa = PBXNativeTarget;
			buildConfigurationList = BE82AADD1F4790190051D40E /* Build configuration list for PBXNativeTarget "iTunesSearchUITests" */;
			buildPhases = (
				BE82AACA1F4790190051D40E /* Sources */,
				BE82AACB1F4790190051D40E /* Frameworks */,
				BE82AACC1F4790190051D40E /* Resources */,
			);
			buildRules = (
			);
			dependencies = (
				BE82AAD01F4790190051D40E /* PBXTargetDependency */,
			);
			name = iTunesSearchUITests;
			productName = iTunesSearchUITests;
			productReference = BE82AACE1F4790190051D40E /* iTunesSearchUITests.xctest */;
			productType = "com.apple.product-type.bundle.ui-testing";
		};
/* End PBXNativeTarget section */

/* Begin PBXProject section */
		BE82AAA41F4790180051D40E /* Project object */ = {
			isa = PBXProject;
			attributes = {
				LastSwiftUpdateCheck = 0830;
				LastUpgradeCheck = 0830;
				ORGANIZATIONNAME = kwhittaker;
				TargetAttributes = {
					BE82AAAB1F4790180051D40E = {
						CreatedOnToolsVersion = 8.3.3;
						DevelopmentTeam = VXG7JDMUQ6;
						ProvisioningStyle = Automatic;
					};
					BE82AAC21F4790190051D40E = {
						CreatedOnToolsVersion = 8.3.3;
						DevelopmentTeam = VXG7JDMUQ6;
						ProvisioningStyle = Automatic;
						TestTargetID = BE82AAAB1F4790180051D40E;
					};
					BE82AACD1F4790190051D40E = {
						CreatedOnToolsVersion = 8.3.3;
						DevelopmentTeam = VXG7JDMUQ6;
						ProvisioningStyle = Automatic;
						TestTargetID = BE82AAAB1F4790180051D40E;
					};
				};
			};
			buildConfigurationList = BE82AAA71F4790180051D40E /* Build configuration list for PBXProject "iTunesSearch" */;
			compatibilityVersion = "Xcode 3.2";
			developmentRegion = English;
			hasScannedForEncodings = 0;
			knownRegions = (
				en,
				Base,
			);
			mainGroup = BE82AAA31F4790180051D40E;
			productRefGroup = BE82AAAD1F4790190051D40E /* Products */;
			projectDirPath = "";
			projectRoot = "";
			targets = (
				BE82AAAB1F4790180051D40E /* iTunesSearch */,
				BE82AAC21F4790190051D40E /* iTunesSearchTests */,
				BE82AACD1F4790190051D40E /* iTunesSearchUITests */,
			);
		};
/* End PBXProject section */

/* Begin PBXResourcesBuildPhase section */
		BE82AAAA1F4790180051D40E /* Resources */ = {
			isa = PBXResourcesBuildPhase;
			buildActionMask = 2147483647;
			files = (
				BE82AABD1F4790190051D40E /* LaunchScreen.storyboard in Resources */,
				BE82AABA1F4790190051D40E /* Assets.xcassets in Resources */,
				BE82AAB51F4790190051D40E /* Main.storyboard in Resources */,
			);
			runOnlyForDeploymentPostprocessing = 0;
		};
		BE82AAC11F4790190051D40E /* Resources */ = {
			isa = PBXResourcesBuildPhase;
			buildActionMask = 2147483647;
			files = (
			);
			runOnlyForDeploymentPostprocessing = 0;
		};
		BE82AACC1F4790190051D40E /* Resources */ = {
			isa = PBXResourcesBuildPhase;
			buildActionMask = 2147483647;
			files = (
			);
			runOnlyForDeploymentPostprocessing = 0;
		};
/* End PBXResourcesBuildPhase section */

/* Begin PBXSourcesBuildPhase section */
		BE82AAA81F4790180051D40E /* Sources */ = {
			isa = PBXSourcesBuildPhase;
			buildActionMask = 2147483647;
			files = (
				BE82AAB81F4790190051D40E /* iTunesSearch.xcdatamodeld in Sources */,
				BE82AAB21F4790190051D40E /* ViewController.swift in Sources */,
				BE82AAB01F4790190051D40E /* AppDelegate.swift in Sources */,
			);
			runOnlyForDeploymentPostprocessing = 0;
		};
		BE82AABF1F4790190051D40E /* Sources */ = {
			isa = PBXSourcesBuildPhase;
			buildActionMask = 2147483647;
			files = (
				BE82AAC81F4790190051D40E /* iTunesSearchTests.swift in Sources */,
			);
			runOnlyForDeploymentPostprocessing = 0;
		};
		BE82AACA1F4790190051D40E /* Sources */ = {
			isa = PBXSourcesBuildPhase;
			buildActionMask = 2147483647;
			files = (
				BE82AAD31F4790190051D40E /* iTunesSearchUITests.swift in Sources */,
			);
			runOnlyForDeploymentPostprocessing = 0;
		};
/* End PBXSourcesBuildPhase section */

/* Begin PBXTargetDependency section */
		BE82AAC51F4790190051D40E /* PBXTargetDependency */ = {
			isa = PBXTargetDependency;
			target = BE82AAAB1F4790180051D40E /* iTunesSearch */;
			targetProxy = BE82AAC41F4790190051D40E /* PBXContainerItemProxy */;
		};
		BE82AAD01F4790190051D40E /* PBXTargetDependency */ = {
			isa = PBXTargetDependency;
			target = BE82AAAB1F4790180051D40E /* iTunesSearch */;
			targetProxy = BE82AACF1F4790190051D40E /* PBXContainerItemProxy */;
		};
/* End PBXTargetDependency section */

/* Begin PBXVariantGroup section */
		BE82AAB31F4790190051D40E /* Main.storyboard */ = {
			isa = PBXVariantGroup;
			children = (
				BE82AAB41F4790190051D40E /* Base */,
			);
			name = Main.storyboard;
			sourceTree = "<group>";
		};
		BE82AABB1F4790190051D40E /* LaunchScreen.storyboard */ = {
			isa = PBXVariantGroup;
			children = (
				BE82AABC1F4790190051D40E /* Base */,
			);
			name = LaunchScreen.storyboard;
			sourceTree = "<group>";
		};
/* End PBXVariantGroup section */

/* Begin XCBuildConfiguration section */
		BE82AAD51F4790190051D40E /* Debug */ = {
			isa = XCBuildConfiguration;
			buildSettings = {
				ALWAYS_SEARCH_USER_PATHS = NO;
				CLANG_ANALYZER_NONNULL = YES;
				CLANG_ANALYZER_NUMBER_OBJECT_CONVERSION = YES_AGGRESSIVE;
				CLANG_CXX_LANGUAGE_STANDARD = "gnu++0x";
				CLANG_CXX_LIBRARY = "libc++";
				CLANG_ENABLE_MODULES = YES;
				CLANG_ENABLE_OBJC_ARC = YES;
				CLANG_WARN_BOOL_CONVERSION = YES;
				CLANG_WARN_CONSTANT_CONVERSION = YES;
				CLANG_WARN_DIRECT_OBJC_ISA_USAGE = YES_ERROR;
				CLANG_WARN_DOCUMENTATION_COMMENTS = YES;
				CLANG_WARN_EMPTY_BODY = YES;
				CLANG_WARN_ENUM_CONVERSION = YES;
				CLANG_WARN_INFINITE_RECURSION = YES;
				CLANG_WARN_INT_CONVERSION = YES;
				CLANG_WARN_OBJC_ROOT_CLASS = YES_ERROR;
				CLANG_WARN_SUSPICIOUS_MOVE = YES;
				CLANG_WARN_UNREACHABLE_CODE = YES;
				CLANG_WARN__DUPLICATE_METHOD_MATCH = YES;
				"CODE_SIGN_IDENTITY[sdk=iphoneos*]" = "iPhone Developer";
				COPY_PHASE_STRIP = NO;
				DEBUG_INFORMATION_FORMAT = dwarf;
				ENABLE_STRICT_OBJC_MSGSEND = YES;
				ENABLE_TESTABILITY = YES;
				GCC_C_LANGUAGE_STANDARD = gnu99;
				GCC_DYNAMIC_NO_PIC = NO;
				GCC_NO_COMMON_BLOCKS = YES;
				GCC_OPTIMIZATION_LEVEL = 0;
				GCC_PREPROCESSOR_DEFINITIONS = (
					"DEBUG=1",
					"$(inherited)",
				);
				GCC_WARN_64_TO_32_BIT_CONVERSION = YES;
				GCC_WARN_ABOUT_RETURN_TYPE = YES_ERROR;
				GCC_WARN_UNDECLARED_SELECTOR = YES;
				GCC_WARN_UNINITIALIZED_AUTOS = YES_AGGRESSIVE;
				GCC_WARN_UNUSED_FUNCTION = YES;
				GCC_WARN_UNUSED_VARIABLE = YES;
				IPHONEOS_DEPLOYMENT_TARGET = 10.3;
				MTL_ENABLE_DEBUG_INFO = YES;
				ONLY_ACTIVE_ARCH = YES;
				SDKROOT = iphoneos;
				SWIFT_ACTIVE_COMPILATION_CONDITIONS = DEBUG;
				SWIFT_OPTIMIZATION_LEVEL = "-Onone";
			};
			name = Debug;
		};
		BE82AAD61F4790190051D40E /* Release */ = {
			isa = XCBuildConfiguration;
			buildSettings = {
				ALWAYS_SEARCH_USER_PATHS = NO;
				CLANG_ANALYZER_NONNULL = YES;
				CLANG_ANALYZER_NUMBER_OBJECT_CONVERSION = YES_AGGRESSIVE;
				CLANG_CXX_LANGUAGE_STANDARD = "gnu++0x";
				CLANG_CXX_LIBRARY = "libc++";
				CLANG_ENABLE_MODULES = YES;
				CLANG_ENABLE_OBJC_ARC = YES;
				CLANG_WARN_BOOL_CONVERSION = YES;
				CLANG_WARN_CONSTANT_CONVERSION = YES;
				CLANG_WARN_DIRECT_OBJC_ISA_USAGE = YES_ERROR;
				CLANG_WARN_DOCUMENTATION_COMMENTS = YES;
				CLANG_WARN_EMPTY_BODY = YES;
				CLANG_WARN_ENUM_CONVERSION = YES;
				CLANG_WARN_INFINITE_RECURSION = YES;
				CLANG_WARN_INT_CONVERSION = YES;
				CLANG_WARN_OBJC_ROOT_CLASS = YES_ERROR;
				CLANG_WARN_SUSPICIOUS_MOVE = YES;
				CLANG_WARN_UNREACHABLE_CODE = YES;
				CLANG_WARN__DUPLICATE_METHOD_MATCH = YES;
				"CODE_SIGN_IDENTITY[sdk=iphoneos*]" = "iPhone Developer";
				COPY_PHASE_STRIP = NO;
				DEBUG_INFORMATION_FORMAT = "dwarf-with-dsym";
				ENABLE_NS_ASSERTIONS = NO;
				ENABLE_STRICT_OBJC_MSGSEND = YES;
				GCC_C_LANGUAGE_STANDARD = gnu99;
				GCC_NO_COMMON_BLOCKS = YES;
				GCC_WARN_64_TO_32_BIT_CONVERSION = YES;
				GCC_WARN_ABOUT_RETURN_TYPE = YES_ERROR;
				GCC_WARN_UNDECLARED_SELECTOR = YES;
				GCC_WARN_UNINITIALIZED_AUTOS = YES_AGGRESSIVE;
				GCC_WARN_UNUSED_FUNCTION = YES;
				GCC_WARN_UNUSED_VARIABLE = YES;
				IPHONEOS_DEPLOYMENT_TARGET = 10.3;
				MTL_ENABLE_DEBUG_INFO = NO;
				SDKROOT = iphoneos;
				SWIFT_OPTIMIZATION_LEVEL = "-Owholemodule";
				VALIDATE_PRODUCT = YES;
			};
			name = Release;
		};
		BE82AAD81F4790190051D40E /* Debug */ = {
			isa = XCBuildConfiguration;
			buildSettings = {
				ASSETCATALOG_COMPILER_APPICON_NAME = AppIcon;
				DEVELOPMENT_TEAM = VXG7JDMUQ6;
				INFOPLIST_FILE = iTunesSearch/Info.plist;
				LD_RUNPATH_SEARCH_PATHS = "$(inherited) @executable_path/Frameworks";
				PRODUCT_BUNDLE_IDENTIFIER = com.kwhittaker.iTunesSearch;
				PRODUCT_NAME = "$(TARGET_NAME)";
				SWIFT_VERSION = 3.0;
			};
			name = Debug;
		};
		BE82AAD91F4790190051D40E /* Release */ = {
			isa = XCBuildConfiguration;
			buildSettings = {
				ASSETCATALOG_COMPILER_APPICON_NAME = AppIcon;
				DEVELOPMENT_TEAM = VXG7JDMUQ6;
				INFOPLIST_FILE = iTunesSearch/Info.plist;
				LD_RUNPATH_SEARCH_PATHS = "$(inherited) @executable_path/Frameworks";
				PRODUCT_BUNDLE_IDENTIFIER = com.kwhittaker.iTunesSearch;
				PRODUCT_NAME = "$(TARGET_NAME)";
				SWIFT_VERSION = 3.0;
			};
			name = Release;
		};
		BE82AADB1F4790190051D40E /* Debug */ = {
			isa = XCBuildConfiguration;
			buildSettings = {
				ALWAYS_EMBED_SWIFT_STANDARD_LIBRARIES = YES;
				BUNDLE_LOADER = "$(TEST_HOST)";
				DEVELOPMENT_TEAM = VXG7JDMUQ6;
				INFOPLIST_FILE = iTunesSearchTests/Info.plist;
				LD_RUNPATH_SEARCH_PATHS = "$(inherited) @executable_path/Frameworks @loader_path/Frameworks";
				PRODUCT_BUNDLE_IDENTIFIER = com.kwhittaker.iTunesSearchTests;
				PRODUCT_NAME = "$(TARGET_NAME)";
				SWIFT_VERSION = 3.0;
				TEST_HOST = "$(BUILT_PRODUCTS_DIR)/iTunesSearch.app/iTunesSearch";
			};
			name = Debug;
		};
		BE82AADC1F4790190051D40E /* Release */ = {
			isa = XCBuildConfiguration;
			buildSettings = {
				ALWAYS_EMBED_SWIFT_STANDARD_LIBRARIES = YES;
				BUNDLE_LOADER = "$(TEST_HOST)";
				DEVELOPMENT_TEAM = VXG7JDMUQ6;
				INFOPLIST_FILE = iTunesSearchTests/Info.plist;
				LD_RUNPATH_SEARCH_PATHS = "$(inherited) @executable_path/Frameworks @loader_path/Frameworks";
				PRODUCT_BUNDLE_IDENTIFIER = com.kwhittaker.iTunesSearchTests;
				PRODUCT_NAME = "$(TARGET_NAME)";
				SWIFT_VERSION = 3.0;
				TEST_HOST = "$(BUILT_PRODUCTS_DIR)/iTunesSearch.app/iTunesSearch";
			};
			name = Release;
		};
		BE82AADE1F4790190051D40E /* Debug */ = {
			isa = XCBuildConfiguration;
			buildSettings = {
				ALWAYS_EMBED_SWIFT_STANDARD_LIBRARIES = YES;
				DEVELOPMENT_TEAM = VXG7JDMUQ6;
				INFOPLIST_FILE = iTunesSearchUITests/Info.plist;
				LD_RUNPATH_SEARCH_PATHS = "$(inherited) @executable_path/Frameworks @loader_path/Frameworks";
				PRODUCT_BUNDLE_IDENTIFIER = com.kwhittaker.iTunesSearchUITests;
				PRODUCT_NAME = "$(TARGET_NAME)";
				SWIFT_VERSION = 3.0;
				TEST_TARGET_NAME = iTunesSearch;
			};
			name = Debug;
		};
		BE82AADF1F4790190051D40E /* Release */ = {
			isa = XCBuildConfiguration;
			buildSettings = {
				ALWAYS_EMBED_SWIFT_STANDARD_LIBRARIES = YES;
				DEVELOPMENT_TEAM = VXG7JDMUQ6;
				INFOPLIST_FILE = iTunesSearchUITests/Info.plist;
				LD_RUNPATH_SEARCH_PATHS = "$(inherited) @executable_path/Frameworks @loader_path/Frameworks";
				PRODUCT_BUNDLE_IDENTIFIER = com.kwhittaker.iTunesSearchUITests;
				PRODUCT_NAME = "$(TARGET_NAME)";
				SWIFT_VERSION = 3.0;
				TEST_TARGET_NAME = iTunesSearch;
			};
			name = Release;
		};
/* End XCBuildConfiguration section */

/* Begin XCConfigurationList section */
		BE82AAA71F4790180051D40E /* Build configuration list for PBXProject "iTunesSearch" */ = {
			isa = XCConfigurationList;
			buildConfigurations = (
				BE82AAD51F4790190051D40E /* Debug */,
				BE82AAD61F4790190051D40E /* Release */,
			);
			defaultConfigurationIsVisible = 0;
			defaultConfigurationName = Release;
		};
		BE82AAD71F4790190051D40E /* Build configuration list for PBXNativeTarget "iTunesSearch" */ = {
			isa = XCConfigurationList;
			buildConfigurations = (
				BE82AAD81F4790190051D40E /* Debug */,
				BE82AAD91F4790190051D40E /* Release */,
			);
			defaultConfigurationIsVisible = 0;
		};
		BE82AADA1F4790190051D40E /* Build configuration list for PBXNativeTarget "iTunesSearchTests" */ = {
			isa = XCConfigurationList;
			buildConfigurations = (
				BE82AADB1F4790190051D40E /* Debug */,
				BE82AADC1F4790190051D40E /* Release */,
			);
			defaultConfigurationIsVisible = 0;
		};
		BE82AADD1F4790190051D40E /* Build configuration list for PBXNativeTarget "iTunesSearchUITests" */ = {
			isa = XCConfigurationList;
			buildConfigurations = (
				BE82AADE1F4790190051D40E /* Debug */,
				BE82AADF1F4790190051D40E /* Release */,
			);
			defaultConfigurationIsVisible = 0;
		};
/* End XCConfigurationList section */

/* Begin XCVersionGroup section */
		BE82AAB61F4790190051D40E /* iTunesSearch.xcdatamodeld */ = {
			isa = XCVersionGroup;
			children = (
				BE82AAB71F4790190051D40E /* iTunesSearch.xcdatamodel */,
			);
			currentVersion = BE82AAB71F4790190051D40E /* iTunesSearch.xcdatamodel */;
			path = iTunesSearch.xcdatamodeld;
			sourceTree = "<group>";
			versionGroupType = wrapper.xcdatamodel;
		};
/* End XCVersionGroup section */
	};
	rootObject = BE82AAA41F4790180051D40E /* Project object */;
}
